{"format_version":"1.2","terraform_version":"1.5.0","planned_values":{"root_module":{"resources":[{"address":"azurerm_resource_group.resource_group","mode":"managed","type":"azurerm_resource_group","name":"resource_group","provider_name":"registry.terraform.io/hashicorp/azurerm","schema_version":0,"values":{"id":"/subscriptions/2b2b8075-4921-4534-af69-3f9c0e70119f/resourceGroups/rg-terraform-delta-visualize","location":"westeurope","managed_by":"","name":"rg-terraform-delta-visualize","tags":{},"timeouts":null},"sensitive_values":{"tags":{}}},{"address":"azurerm_subnet.app_gateway_subnet","mode":"managed","type":"azurerm_subnet","name":"app_gateway_subnet","provider_name":"registry.terraform.io/hashicorp/azurerm","schema_version":0,"values":{"address_prefixes":["172.16.32.0/24"],"delegation":[],"enforce_private_link_endpoint_network_policies":false,"enforce_private_link_service_network_policies":false,"id":"/subscriptions/2b2b8075-4921-4534-af69-3f9c0e70119f/resourceGroups/rg-terraform-delta-visualize/providers/Microsoft.Network/virtualNetworks/vnet-terraform-delta-visualize/subnets/subnet-terraform-delta-visualize-app-gateway","name":"subnet-terraform-delta-visualize-app-gateway","private_endpoint_network_policies_enabled":true,"private_link_service_network_policies_enabled":true,"resource_group_name":"rg-terraform-delta-visualize","service_endpoint_policy_ids":[],"service_endpoints":[],"timeouts":null,"virtual_network_name":"vnet-terraform-delta-visualize"},"sensitive_values":{"address_prefixes":[false],"delegation":[],"service_endpoint_policy_ids":[],"service_endpoints":[]}},{"address":"azurerm_subnet.app_service_subnet","mode":"managed","type":"azurerm_subnet","name":"app_service_subnet","provider_name":"registry.terraform.io/hashicorp/azurerm","schema_version":0,"values":{"address_prefixes":["172.16.17.0/24"],"delegation":[],"enforce_private_link_endpoint_network_policies":false,"enforce_private_link_service_network_policies":false,"id":"/subscriptions/2b2b8075-4921-4534-af69-3f9c0e70119f/resourceGroups/rg-terraform-delta-visualize/providers/Microsoft.Network/virtualNetworks/vnet-terraform-delta-visualize/subnets/subnet-terraform-delta-visualize-app-service","name":"subnet-terraform-delta-visualize-app-service","private_endpoint_network_policies_enabled":true,"private_link_service_network_policies_enabled":true,"resource_group_name":"rg-terraform-delta-visualize","service_endpoint_policy_ids":[],"service_endpoints":[],"timeouts":null,"virtual_network_name":"vnet-terraform-delta-visualize"},"sensitive_values":{"address_prefixes":[false],"delegation":[],"service_endpoint_policy_ids":[],"service_endpoints":[]}},{"address":"azurerm_subnet.firewall_subnet","mode":"managed","type":"azurerm_subnet","name":"firewall_subnet","provider_name":"registry.terraform.io/hashicorp/azurerm","schema_version":0,"values":{"address_prefixes":["172.16.0.0/24"],"delegation":[],"name":"subnet-terraform-delta-visualize-firewall","resource_group_name":"rg-terraform-delta-visualize","service_endpoint_policy_ids":null,"service_endpoints":null,"timeouts":null,"virtual_network_name":"vnet-terraform-delta-visualize-hub"},"sensitive_values":{"address_prefixes":[false],"delegation":[]}},{"address":"azurerm_subnet.storage_subnet","mode":"managed","type":"azurerm_subnet","name":"storage_subnet","provider_name":"registry.terraform.io/hashicorp/azurerm","schema_version":0,"values":{"address_prefixes":["172.16.16.0/24"],"delegation":[],"enforce_private_link_endpoint_network_policies":false,"enforce_private_link_service_network_policies":false,"id":"/subscriptions/2b2b8075-4921-4534-af69-3f9c0e70119f/resourceGroups/rg-terraform-delta-visualize/providers/Microsoft.Network/virtualNetworks/vnet-terraform-delta-visualize/subnets/subnet-terraform-delta-visualize-storage","name":"subnet-terraform-delta-visualize-storage","private_endpoint_network_policies_enabled":true,"private_link_service_network_policies_enabled":true,"resource_group_name":"rg-terraform-delta-visualize","service_endpoint_policy_ids":[],"service_endpoints":[],"timeouts":null,"virtual_network_name":"vnet-terraform-delta-visualize"},"sensitive_values":{"address_prefixes":[false],"delegation":[],"service_endpoint_policy_ids":[],"service_endpoints":[]}},{"address":"azurerm_virtual_network.virtual_network_hub","mode":"managed","type":"azurerm_virtual_network","name":"virtual_network_hub","provider_name":"registry.terraform.io/hashicorp/azurerm","schema_version":0,"values":{"address_space":["172.16.0.0/20"],"bgp_community":null,"ddos_protection_plan":[],"edge_zone":null,"encryption":[],"flow_timeout_in_minutes":null,"location":"westeurope","name":"vnet-terraform-delta-visualize-hub","resource_group_name":"rg-terraform-delta-visualize","tags":null,"timeouts":null},"sensitive_values":{"address_space":[false],"ddos_protection_plan":[],"dns_servers":[],"encryption":[],"subnet":[]}},{"address":"azurerm_virtual_network.virtual_network_tdv","mode":"managed","type":"azurerm_virtual_network","name":"virtual_network_tdv","provider_name":"registry.terraform.io/hashicorp/azurerm","schema_version":0,"values":{"address_space":["172.16.16.0/20"],"bgp_community":null,"ddos_protection_plan":[],"edge_zone":null,"encryption":[],"flow_timeout_in_minutes":null,"location":"westeurope","name":"vnet-terraform-delta-visualize","resource_group_name":"rg-terraform-delta-visualize","tags":null,"timeouts":null},"sensitive_values":{"address_space":[false],"ddos_protection_plan":[],"dns_servers":[],"encryption":[],"subnet":[]}}]}},"resource_drift":[{"address":"azurerm_resource_group.resource_group","mode":"managed","type":"azurerm_resource_group","name":"resource_group","provider_name":"registry.terraform.io/hashicorp/azurerm","change":{"actions":["update"],"before":{"id":"/subscriptions/2b2b8075-4921-4534-af69-3f9c0e70119f/resourceGroups/rg-terraform-delta-visualize","location":"westeurope","managed_by":"","name":"rg-terraform-delta-visualize","tags":null,"timeouts":null},"after":{"id":"/subscriptions/2b2b8075-4921-4534-af69-3f9c0e70119f/resourceGroups/rg-terraform-delta-visualize","location":"westeurope","managed_by":"","name":"rg-terraform-delta-visualize","tags":{},"timeouts":null},"after_unknown":{},"before_sensitive":{},"after_sensitive":{"tags":{}}}},{"address":"azurerm_subnet.app_gateway_subnet","mode":"managed","type":"azurerm_subnet","name":"app_gateway_subnet","provider_name":"registry.terraform.io/hashicorp/azurerm","change":{"actions":["update"],"before":{"address_prefixes":["172.16.255.0/24"],"delegation":[],"enforce_private_link_endpoint_network_policies":false,"enforce_private_link_service_network_policies":false,"id":"/subscriptions/2b2b8075-4921-4534-af69-3f9c0e70119f/resourceGroups/rg-terraform-delta-visualize/providers/Microsoft.Network/virtualNetworks/vnet-terraform-delta-visualize/subnets/subnet-terraform-delta-visualize-app-gateway","name":"subnet-terraform-delta-visualize-app-gateway","private_endpoint_network_policies_enabled":true,"private_link_service_network_policies_enabled":true,"resource_group_name":"rg-terraform-delta-visualize","service_endpoint_policy_ids":null,"service_endpoints":null,"timeouts":null,"virtual_network_name":"vnet-terraform-delta-visualize"},"after":{"address_prefixes":["172.16.255.0/24"],"delegation":[],"enforce_private_link_endpoint_network_policies":false,"enforce_private_link_service_network_policies":false,"id":"/subscriptions/2b2b8075-4921-4534-af69-3f9c0e70119f/resourceGroups/rg-terraform-delta-visualize/providers/Microsoft.Network/virtualNetworks/vnet-terraform-delta-visualize/subnets/subnet-terraform-delta-visualize-app-gateway","name":"subnet-terraform-delta-visualize-app-gateway","private_endpoint_network_policies_enabled":true,"private_link_service_network_policies_enabled":true,"resource_group_name":"rg-terraform-delta-visualize","service_endpoint_policy_ids":[],"service_endpoints":[],"timeouts":null,"virtual_network_name":"vnet-terraform-delta-visualize"},"after_unknown":{},"before_sensitive":{"address_prefixes":[false],"delegation":[]},"after_sensitive":{"address_prefixes":[false],"delegation":[],"service_endpoint_policy_ids":[],"service_endpoints":[]}}},{"address":"azurerm_subnet.app_service_subnet","mode":"managed","type":"azurerm_subnet","name":"app_service_subnet","provider_name":"registry.terraform.io/hashicorp/azurerm","change":{"actions":["update"],"before":{"address_prefixes":["172.16.1.0/24"],"delegation":[],"enforce_private_link_endpoint_network_policies":false,"enforce_private_link_service_network_policies":false,"id":"/subscriptions/2b2b8075-4921-4534-af69-3f9c0e70119f/resourceGroups/rg-terraform-delta-visualize/providers/Microsoft.Network/virtualNetworks/vnet-terraform-delta-visualize/subnets/subnet-terraform-delta-visualize-app-service","name":"subnet-terraform-delta-visualize-app-service","private_endpoint_network_policies_enabled":true,"private_link_service_network_policies_enabled":true,"resource_group_name":"rg-terraform-delta-visualize","service_endpoint_policy_ids":null,"service_endpoints":null,"timeouts":null,"virtual_network_name":"vnet-terraform-delta-visualize"},"after":{"address_prefixes":["172.16.1.0/24"],"delegation":[],"enforce_private_link_endpoint_network_policies":false,"enforce_private_link_service_network_policies":false,"id":"/subscriptions/2b2b8075-4921-4534-af69-3f9c0e70119f/resourceGroups/rg-terraform-delta-visualize/providers/Microsoft.Network/virtualNetworks/vnet-terraform-delta-visualize/subnets/subnet-terraform-delta-visualize-app-service","name":"subnet-terraform-delta-visualize-app-service","private_endpoint_network_policies_enabled":true,"private_link_service_network_policies_enabled":true,"resource_group_name":"rg-terraform-delta-visualize","service_endpoint_policy_ids":[],"service_endpoints":[],"timeouts":null,"virtual_network_name":"vnet-terraform-delta-visualize"},"after_unknown":{},"before_sensitive":{"address_prefixes":[false],"delegation":[]},"after_sensitive":{"address_prefixes":[false],"delegation":[],"service_endpoint_policy_ids":[],"service_endpoints":[]}}},{"address":"azurerm_subnet.storage_subnet","mode":"managed","type":"azurerm_subnet","name":"storage_subnet","provider_name":"registry.terraform.io/hashicorp/azurerm","change":{"actions":["update"],"before":{"address_prefixes":["172.16.0.0/24"],"delegation":[],"enforce_private_link_endpoint_network_policies":false,"enforce_private_link_service_network_policies":false,"id":"/subscriptions/2b2b8075-4921-4534-af69-3f9c0e70119f/resourceGroups/rg-terraform-delta-visualize/providers/Microsoft.Network/virtualNetworks/vnet-terraform-delta-visualize/subnets/subnet-terraform-delta-visualize-storage","name":"subnet-terraform-delta-visualize-storage","private_endpoint_network_policies_enabled":true,"private_link_service_network_policies_enabled":true,"resource_group_name":"rg-terraform-delta-visualize","service_endpoint_policy_ids":null,"service_endpoints":null,"timeouts":null,"virtual_network_name":"vnet-terraform-delta-visualize"},"after":{"address_prefixes":["172.16.0.0/24"],"delegation":[],"enforce_private_link_endpoint_network_policies":false,"enforce_private_link_service_network_policies":false,"id":"/subscriptions/2b2b8075-4921-4534-af69-3f9c0e70119f/resourceGroups/rg-terraform-delta-visualize/providers/Microsoft.Network/virtualNetworks/vnet-terraform-delta-visualize/subnets/subnet-terraform-delta-visualize-storage","name":"subnet-terraform-delta-visualize-storage","private_endpoint_network_policies_enabled":true,"private_link_service_network_policies_enabled":true,"resource_group_name":"rg-terraform-delta-visualize","service_endpoint_policy_ids":[],"service_endpoints":[],"timeouts":null,"virtual_network_name":"vnet-terraform-delta-visualize"},"after_unknown":{},"before_sensitive":{"address_prefixes":[false],"delegation":[]},"after_sensitive":{"address_prefixes":[false],"delegation":[],"service_endpoint_policy_ids":[],"service_endpoints":[]}}},{"address":"azurerm_virtual_network.virtual_network","mode":"managed","type":"azurerm_virtual_network","name":"virtual_network","provider_name":"registry.terraform.io/hashicorp/azurerm","change":{"actions":["update"],"before":{"address_space":["172.16.0.0/12"],"bgp_community":"","ddos_protection_plan":[],"dns_servers":[],"edge_zone":"","encryption":[],"flow_timeout_in_minutes":0,"guid":"ef18d740-d6ef-4952-9605-0c4b27bd5522","id":"/subscriptions/2b2b8075-4921-4534-af69-3f9c0e70119f/resourceGroups/rg-terraform-delta-visualize/providers/Microsoft.Network/virtualNetworks/vnet-terraform-delta-visualize","location":"westeurope","name":"vnet-terraform-delta-visualize","resource_group_name":"rg-terraform-delta-visualize","subnet":[],"tags":null,"timeouts":null},"after":{"address_space":["172.16.0.0/12"],"bgp_community":"","ddos_protection_plan":[],"dns_servers":[],"edge_zone":"","encryption":[],"flow_timeout_in_minutes":0,"guid":"ef18d740-d6ef-4952-9605-0c4b27bd5522","id":"/subscriptions/2b2b8075-4921-4534-af69-3f9c0e70119f/resourceGroups/rg-terraform-delta-visualize/providers/Microsoft.Network/virtualNetworks/vnet-terraform-delta-visualize","location":"westeurope","name":"vnet-terraform-delta-visualize","resource_group_name":"rg-terraform-delta-visualize","subnet":[{"address_prefix":"172.16.0.0/24","id":"/subscriptions/2b2b8075-4921-4534-af69-3f9c0e70119f/resourceGroups/rg-terraform-delta-visualize/providers/Microsoft.Network/virtualNetworks/vnet-terraform-delta-visualize/subnets/subnet-terraform-delta-visualize-storage","name":"subnet-terraform-delta-visualize-storage","security_group":""},{"address_prefix":"172.16.1.0/24","id":"/subscriptions/2b2b8075-4921-4534-af69-3f9c0e70119f/resourceGroups/rg-terraform-delta-visualize/providers/Microsoft.Network/virtualNetworks/vnet-terraform-delta-visualize/subnets/subnet-terraform-delta-visualize-app-service","name":"subnet-terraform-delta-visualize-app-service","security_group":""},{"address_prefix":"172.16.255.0/24","id":"/subscriptions/2b2b8075-4921-4534-af69-3f9c0e70119f/resourceGroups/rg-terraform-delta-visualize/providers/Microsoft.Network/virtualNetworks/vnet-terraform-delta-visualize/subnets/subnet-terraform-delta-visualize-app-gateway","name":"subnet-terraform-delta-visualize-app-gateway","security_group":""}],"tags":{},"timeouts":null},"after_unknown":{},"before_sensitive":{"address_space":[false],"ddos_protection_plan":[],"dns_servers":[],"encryption":[],"subnet":[]},"after_sensitive":{"address_space":[false],"ddos_protection_plan":[],"dns_servers":[],"encryption":[],"subnet":[{},{},{}],"tags":{}}}}],"resource_changes":[{"address":"azurerm_resource_group.resource_group","mode":"managed","type":"azurerm_resource_group","name":"resource_group","provider_name":"registry.terraform.io/hashicorp/azurerm","change":{"actions":["no-op"],"before":{"id":"/subscriptions/2b2b8075-4921-4534-af69-3f9c0e70119f/resourceGroups/rg-terraform-delta-visualize","location":"westeurope","managed_by":"","name":"rg-terraform-delta-visualize","tags":{},"timeouts":null},"after":{"id":"/subscriptions/2b2b8075-4921-4534-af69-3f9c0e70119f/resourceGroups/rg-terraform-delta-visualize","location":"westeurope","managed_by":"","name":"rg-terraform-delta-visualize","tags":{},"timeouts":null},"after_unknown":{},"before_sensitive":{"tags":{}},"after_sensitive":{"tags":{}}}},{"address":"azurerm_subnet.app_gateway_subnet","mode":"managed","type":"azurerm_subnet","name":"app_gateway_subnet","provider_name":"registry.terraform.io/hashicorp/azurerm","change":{"actions":["update"],"before":{"address_prefixes":["172.16.255.0/24"],"delegation":[],"enforce_private_link_endpoint_network_policies":false,"enforce_private_link_service_network_policies":false,"id":"/subscriptions/2b2b8075-4921-4534-af69-3f9c0e70119f/resourceGroups/rg-terraform-delta-visualize/providers/Microsoft.Network/virtualNetworks/vnet-terraform-delta-visualize/subnets/subnet-terraform-delta-visualize-app-gateway","name":"subnet-terraform-delta-visualize-app-gateway","private_endpoint_network_policies_enabled":true,"private_link_service_network_policies_enabled":true,"resource_group_name":"rg-terraform-delta-visualize","service_endpoint_policy_ids":[],"service_endpoints":[],"timeouts":null,"virtual_network_name":"vnet-terraform-delta-visualize"},"after":{"address_prefixes":["172.16.32.0/24"],"delegation":[],"enforce_private_link_endpoint_network_policies":false,"enforce_private_link_service_network_policies":false,"id":"/subscriptions/2b2b8075-4921-4534-af69-3f9c0e70119f/resourceGroups/rg-terraform-delta-visualize/providers/Microsoft.Network/virtualNetworks/vnet-terraform-delta-visualize/subnets/subnet-terraform-delta-visualize-app-gateway","name":"subnet-terraform-delta-visualize-app-gateway","private_endpoint_network_policies_enabled":true,"private_link_service_network_policies_enabled":true,"resource_group_name":"rg-terraform-delta-visualize","service_endpoint_policy_ids":[],"service_endpoints":[],"timeouts":null,"virtual_network_name":"vnet-terraform-delta-visualize"},"after_unknown":{},"before_sensitive":{"address_prefixes":[false],"delegation":[],"service_endpoint_policy_ids":[],"service_endpoints":[]},"after_sensitive":{"address_prefixes":[false],"delegation":[],"service_endpoint_policy_ids":[],"service_endpoints":[]}}},{"address":"azurerm_subnet.app_service_subnet","mode":"managed","type":"azurerm_subnet","name":"app_service_subnet","provider_name":"registry.terraform.io/hashicorp/azurerm","change":{"actions":["update"],"before":{"address_prefixes":["172.16.1.0/24"],"delegation":[],"enforce_private_link_endpoint_network_policies":false,"enforce_private_link_service_network_policies":false,"id":"/subscriptions/2b2b8075-4921-4534-af69-3f9c0e70119f/resourceGroups/rg-terraform-delta-visualize/providers/Microsoft.Network/virtualNetworks/vnet-terraform-delta-visualize/subnets/subnet-terraform-delta-visualize-app-service","name":"subnet-terraform-delta-visualize-app-service","private_endpoint_network_policies_enabled":true,"private_link_service_network_policies_enabled":true,"resource_group_name":"rg-terraform-delta-visualize","service_endpoint_policy_ids":[],"service_endpoints":[],"timeouts":null,"virtual_network_name":"vnet-terraform-delta-visualize"},"after":{"address_prefixes":["172.16.17.0/24"],"delegation":[],"enforce_private_link_endpoint_network_policies":false,"enforce_private_link_service_network_policies":false,"id":"/subscriptions/2b2b8075-4921-4534-af69-3f9c0e70119f/resourceGroups/rg-terraform-delta-visualize/providers/Microsoft.Network/virtualNetworks/vnet-terraform-delta-visualize/subnets/subnet-terraform-delta-visualize-app-service","name":"subnet-terraform-delta-visualize-app-service","private_endpoint_network_policies_enabled":true,"private_link_service_network_policies_enabled":true,"resource_group_name":"rg-terraform-delta-visualize","service_endpoint_policy_ids":[],"service_endpoints":[],"timeouts":null,"virtual_network_name":"vnet-terraform-delta-visualize"},"after_unknown":{},"before_sensitive":{"address_prefixes":[false],"delegation":[],"service_endpoint_policy_ids":[],"service_endpoints":[]},"after_sensitive":{"address_prefixes":[false],"delegation":[],"service_endpoint_policy_ids":[],"service_endpoints":[]}}},{"address":"azurerm_subnet.firewall_subnet","mode":"managed","type":"azurerm_subnet","name":"firewall_subnet","provider_name":"registry.terraform.io/hashicorp/azurerm","change":{"actions":["create"],"before":null,"after":{"address_prefixes":["172.16.0.0/24"],"delegation":[],"name":"subnet-terraform-delta-visualize-firewall","resource_group_name":"rg-terraform-delta-visualize","service_endpoint_policy_ids":null,"service_endpoints":null,"timeouts":null,"virtual_network_name":"vnet-terraform-delta-visualize-hub"},"after_unknown":{"address_prefixes":[false],"delegation":[],"enforce_private_link_endpoint_network_policies":true,"enforce_private_link_service_network_policies":true,"id":true,"private_endpoint_network_policies_enabled":true,"private_link_service_network_policies_enabled":true},"before_sensitive":false,"after_sensitive":{"address_prefixes":[false],"delegation":[]}}},{"address":"azurerm_subnet.storage_subnet","mode":"managed","type":"azurerm_subnet","name":"storage_subnet","provider_name":"registry.terraform.io/hashicorp/azurerm","change":{"actions":["update"],"before":{"address_prefixes":["172.16.0.0/24"],"delegation":[],"enforce_private_link_endpoint_network_policies":false,"enforce_private_link_service_network_policies":false,"id":"/subscriptions/2b2b8075-4921-4534-af69-3f9c0e70119f/resourceGroups/rg-terraform-delta-visualize/providers/Microsoft.Network/virtualNetworks/vnet-terraform-delta-visualize/subnets/subnet-terraform-delta-visualize-storage","name":"subnet-terraform-delta-visualize-storage","private_endpoint_network_policies_enabled":true,"private_link_service_network_policies_enabled":true,"resource_group_name":"rg-terraform-delta-visualize","service_endpoint_policy_ids":[],"service_endpoints":[],"timeouts":null,"virtual_network_name":"vnet-terraform-delta-visualize"},"after":{"address_prefixes":["172.16.16.0/24"],"delegation":[],"enforce_private_link_endpoint_network_policies":false,"enforce_private_link_service_network_policies":false,"id":"/subscriptions/2b2b8075-4921-4534-af69-3f9c0e70119f/resourceGroups/rg-terraform-delta-visualize/providers/Microsoft.Network/virtualNetworks/vnet-terraform-delta-visualize/subnets/subnet-terraform-delta-visualize-storage","name":"subnet-terraform-delta-visualize-storage","private_endpoint_network_policies_enabled":true,"private_link_service_network_policies_enabled":true,"resource_group_name":"rg-terraform-delta-visualize","service_endpoint_policy_ids":[],"service_endpoints":[],"timeouts":null,"virtual_network_name":"vnet-terraform-delta-visualize"},"after_unknown":{},"before_sensitive":{"address_prefixes":[false],"delegation":[],"service_endpoint_policy_ids":[],"service_endpoints":[]},"after_sensitive":{"address_prefixes":[false],"delegation":[],"service_endpoint_policy_ids":[],"service_endpoints":[]}}},{"address":"azurerm_virtual_network.virtual_network","mode":"managed","type":"azurerm_virtual_network","name":"virtual_network","provider_name":"registry.terraform.io/hashicorp/azurerm","change":{"actions":["delete"],"before":{"address_space":["172.16.0.0/12"],"bgp_community":"","ddos_protection_plan":[],"dns_servers":[],"edge_zone":"","encryption":[],"flow_timeout_in_minutes":0,"guid":"ef18d740-d6ef-4952-9605-0c4b27bd5522","id":"/subscriptions/2b2b8075-4921-4534-af69-3f9c0e70119f/resourceGroups/rg-terraform-delta-visualize/providers/Microsoft.Network/virtualNetworks/vnet-terraform-delta-visualize","location":"westeurope","name":"vnet-terraform-delta-visualize","resource_group_name":"rg-terraform-delta-visualize","subnet":[{"address_prefix":"172.16.0.0/24","id":"/subscriptions/2b2b8075-4921-4534-af69-3f9c0e70119f/resourceGroups/rg-terraform-delta-visualize/providers/Microsoft.Network/virtualNetworks/vnet-terraform-delta-visualize/subnets/subnet-terraform-delta-visualize-storage","name":"subnet-terraform-delta-visualize-storage","security_group":""},{"address_prefix":"172.16.1.0/24","id":"/subscriptions/2b2b8075-4921-4534-af69-3f9c0e70119f/resourceGroups/rg-terraform-delta-visualize/providers/Microsoft.Network/virtualNetworks/vnet-terraform-delta-visualize/subnets/subnet-terraform-delta-visualize-app-service","name":"subnet-terraform-delta-visualize-app-service","security_group":""},{"address_prefix":"172.16.255.0/24","id":"/subscriptions/2b2b8075-4921-4534-af69-3f9c0e70119f/resourceGroups/rg-terraform-delta-visualize/providers/Microsoft.Network/virtualNetworks/vnet-terraform-delta-visualize/subnets/subnet-terraform-delta-visualize-app-gateway","name":"subnet-terraform-delta-visualize-app-gateway","security_group":""}],"tags":{},"timeouts":null},"after":null,"after_unknown":{},"before_sensitive":{"address_space":[false],"ddos_protection_plan":[],"dns_servers":[],"encryption":[],"subnet":[{},{},{}],"tags":{}},"after_sensitive":false},"action_reason":"delete_because_no_resource_config"},{"address":"azurerm_virtual_network.virtual_network_hub","mode":"managed","type":"azurerm_virtual_network","name":"virtual_network_hub","provider_name":"registry.terraform.io/hashicorp/azurerm","change":{"actions":["create"],"before":null,"after":{"address_space":["172.16.0.0/20"],"bgp_community":null,"ddos_protection_plan":[],"edge_zone":null,"encryption":[],"flow_timeout_in_minutes":null,"location":"westeurope","name":"vnet-terraform-delta-visualize-hub","resource_group_name":"rg-terraform-delta-visualize","tags":null,"timeouts":null},"after_unknown":{"address_space":[false],"ddos_protection_plan":[],"dns_servers":true,"encryption":[],"guid":true,"id":true,"subnet":true},"before_sensitive":false,"after_sensitive":{"address_space":[false],"ddos_protection_plan":[],"dns_servers":[],"encryption":[],"subnet":[]}}},{"address":"azurerm_virtual_network.virtual_network_tdv","mode":"managed","type":"azurerm_virtual_network","name":"virtual_network_tdv","provider_name":"registry.terraform.io/hashicorp/azurerm","change":{"actions":["create"],"before":null,"after":{"address_space":["172.16.16.0/20"],"bgp_community":null,"ddos_protection_plan":[],"edge_zone":null,"encryption":[],"flow_timeout_in_minutes":null,"location":"westeurope","name":"vnet-terraform-delta-visualize","resource_group_name":"rg-terraform-delta-visualize","tags":null,"timeouts":null},"after_unknown":{"address_space":[false],"ddos_protection_plan":[],"dns_servers":true,"encryption":[],"guid":true,"id":true,"subnet":true},"before_sensitive":false,"after_sensitive":{"address_space":[false],"ddos_protection_plan":[],"dns_servers":[],"encryption":[],"subnet":[]}}}],"prior_state":{"format_version":"1.0","terraform_version":"1.5.0","values":{"root_module":{"resources":[{"address":"azurerm_resource_group.resource_group","mode":"managed","type":"azurerm_resource_group","name":"resource_group","provider_name":"registry.terraform.io/hashicorp/azurerm","schema_version":0,"values":{"id":"/subscriptions/2b2b8075-4921-4534-af69-3f9c0e70119f/resourceGroups/rg-terraform-delta-visualize","location":"westeurope","managed_by":"","name":"rg-terraform-delta-visualize","tags":{},"timeouts":null},"sensitive_values":{"tags":{}}},{"address":"azurerm_subnet.app_gateway_subnet","mode":"managed","type":"azurerm_subnet","name":"app_gateway_subnet","provider_name":"registry.terraform.io/hashicorp/azurerm","schema_version":0,"values":{"address_prefixes":["172.16.255.0/24"],"delegation":[],"enforce_private_link_endpoint_network_policies":false,"enforce_private_link_service_network_policies":false,"id":"/subscriptions/2b2b8075-4921-4534-af69-3f9c0e70119f/resourceGroups/rg-terraform-delta-visualize/providers/Microsoft.Network/virtualNetworks/vnet-terraform-delta-visualize/subnets/subnet-terraform-delta-visualize-app-gateway","name":"subnet-terraform-delta-visualize-app-gateway","private_endpoint_network_policies_enabled":true,"private_link_service_network_policies_enabled":true,"resource_group_name":"rg-terraform-delta-visualize","service_endpoint_policy_ids":[],"service_endpoints":[],"timeouts":null,"virtual_network_name":"vnet-terraform-delta-visualize"},"sensitive_values":{"address_prefixes":[false],"delegation":[],"service_endpoint_policy_ids":[],"service_endpoints":[]},"depends_on":["azurerm_resource_group.resource_group","azurerm_virtual_network.virtual_network","azurerm_virtual_network.virtual_network_tdv"]},{"address":"azurerm_subnet.app_service_subnet","mode":"managed","type":"azurerm_subnet","name":"app_service_subnet","provider_name":"registry.terraform.io/hashicorp/azurerm","schema_version":0,"values":{"address_prefixes":["172.16.1.0/24"],"delegation":[],"enforce_private_link_endpoint_network_policies":false,"enforce_private_link_service_network_policies":false,"id":"/subscriptions/2b2b8075-4921-4534-af69-3f9c0e70119f/resourceGroups/rg-terraform-delta-visualize/providers/Microsoft.Network/virtualNetworks/vnet-terraform-delta-visualize/subnets/subnet-terraform-delta-visualize-app-service","name":"subnet-terraform-delta-visualize-app-service","private_endpoint_network_policies_enabled":true,"private_link_service_network_policies_enabled":true,"resource_group_name":"rg-terraform-delta-visualize","service_endpoint_policy_ids":[],"service_endpoints":[],"timeouts":null,"virtual_network_name":"vnet-terraform-delta-visualize"},"sensitive_values":{"address_prefixes":[false],"delegation":[],"service_endpoint_policy_ids":[],"service_endpoints":[]},"depends_on":["azurerm_resource_group.resource_group","azurerm_virtual_network.virtual_network","azurerm_virtual_network.virtual_network_tdv"]},{"address":"azurerm_subnet.storage_subnet","mode":"managed","type":"azurerm_subnet","name":"storage_subnet","provider_name":"registry.terraform.io/hashicorp/azurerm","schema_version":0,"values":{"address_prefixes":["172.16.0.0/24"],"delegation":[],"enforce_private_link_endpoint_network_policies":false,"enforce_private_link_service_network_policies":false,"id":"/subscriptions/2b2b8075-4921-4534-af69-3f9c0e70119f/resourceGroups/rg-terraform-delta-visualize/providers/Microsoft.Network/virtualNetworks/vnet-terraform-delta-visualize/subnets/subnet-terraform-delta-visualize-storage","name":"subnet-terraform-delta-visualize-storage","private_endpoint_network_policies_enabled":true,"private_link_service_network_policies_enabled":true,"resource_group_name":"rg-terraform-delta-visualize","service_endpoint_policy_ids":[],"service_endpoints":[],"timeouts":null,"virtual_network_name":"vnet-terraform-delta-visualize"},"sensitive_values":{"address_prefixes":[false],"delegation":[],"service_endpoint_policy_ids":[],"service_endpoints":[]},"depends_on":["azurerm_resource_group.resource_group","azurerm_virtual_network.virtual_network","azurerm_virtual_network.virtual_network_tdv"]},{"address":"azurerm_virtual_network.virtual_network","mode":"managed","type":"azurerm_virtual_network","name":"virtual_network","provider_name":"registry.terraform.io/hashicorp/azurerm","schema_version":0,"values":{"address_space":["172.16.0.0/12"],"bgp_community":"","ddos_protection_plan":[],"dns_servers":[],"edge_zone":"","encryption":[],"flow_timeout_in_minutes":0,"guid":"ef18d740-d6ef-4952-9605-0c4b27bd5522","id":"/subscriptions/2b2b8075-4921-4534-af69-3f9c0e70119f/resourceGroups/rg-terraform-delta-visualize/providers/Microsoft.Network/virtualNetworks/vnet-terraform-delta-visualize","location":"westeurope","name":"vnet-terraform-delta-visualize","resource_group_name":"rg-terraform-delta-visualize","subnet":[{"address_prefix":"172.16.0.0/24","id":"/subscriptions/2b2b8075-4921-4534-af69-3f9c0e70119f/resourceGroups/rg-terraform-delta-visualize/providers/Microsoft.Network/virtualNetworks/vnet-terraform-delta-visualize/subnets/subnet-terraform-delta-visualize-storage","name":"subnet-terraform-delta-visualize-storage","security_group":""},{"address_prefix":"172.16.1.0/24","id":"/subscriptions/2b2b8075-4921-4534-af69-3f9c0e70119f/resourceGroups/rg-terraform-delta-visualize/providers/Microsoft.Network/virtualNetworks/vnet-terraform-delta-visualize/subnets/subnet-terraform-delta-visualize-app-service","name":"subnet-terraform-delta-visualize-app-service","security_group":""},{"address_prefix":"172.16.255.0/24","id":"/subscriptions/2b2b8075-4921-4534-af69-3f9c0e70119f/resourceGroups/rg-terraform-delta-visualize/providers/Microsoft.Network/virtualNetworks/vnet-terraform-delta-visualize/subnets/subnet-terraform-delta-visualize-app-gateway","name":"subnet-terraform-delta-visualize-app-gateway","security_group":""}],"tags":{},"timeouts":null},"sensitive_values":{"address_space":[false],"ddos_protection_plan":[],"dns_servers":[],"encryption":[],"subnet":[{},{},{}],"tags":{}},"depends_on":["azurerm_resource_group.resource_group"]}]}}},"configuration":{"provider_config":{"azurerm":{"name":"azurerm","full_name":"registry.terraform.io/hashicorp/azurerm","version_constraint":"\u003e= 3.84.0","expressions":{"features":[{}]}}},"root_module":{"resources":[{"address":"azurerm_resource_group.resource_group","mode":"managed","type":"azurerm_resource_group","name":"resource_group","provider_config_key":"azurerm","expressions":{"location":{"constant_value":"westeurope"},"name":{"constant_value":"rg-terraform-delta-visualize"}},"schema_version":0},{"address":"azurerm_subnet.app_gateway_subnet","mode":"managed","type":"azurerm_subnet","name":"app_gateway_subnet","provider_config_key":"azurerm","expressions":{"address_prefixes":{"constant_value":["172.16.32.0/24"]},"name":{"constant_value":"subnet-terraform-delta-visualize-app-gateway"},"resource_group_name":{"references":["azurerm_resource_group.resource_group.name","azurerm_resource_group.resource_group"]},"virtual_network_name":{"references":["azurerm_virtual_network.virtual_network_tdv.name","azurerm_virtual_network.virtual_network_tdv"]}},"schema_version":0},{"address":"azurerm_subnet.app_service_subnet","mode":"managed","type":"azurerm_subnet","name":"app_service_subnet","provider_config_key":"azurerm","expressions":{"address_prefixes":{"constant_value":["172.16.17.0/24"]},"name":{"constant_value":"subnet-terraform-delta-visualize-app-service"},"resource_group_name":{"references":["azurerm_resource_group.resource_group.name","azurerm_resource_group.resource_group"]},"virtual_network_name":{"references":["azurerm_virtual_network.virtual_network_tdv.name","azurerm_virtual_network.virtual_network_tdv"]}},"schema_version":0},{"address":"azurerm_subnet.firewall_subnet","mode":"managed","type":"azurerm_subnet","name":"firewall_subnet","provider_config_key":"azurerm","expressions":{"address_prefixes":{"constant_value":["172.16.0.0/24"]},"name":{"constant_value":"subnet-terraform-delta-visualize-firewall"},"resource_group_name":{"references":["azurerm_resource_group.resource_group.name","azurerm_resource_group.resource_group"]},"virtual_network_name":{"references":["azurerm_virtual_network.virtual_network_hub.name","azurerm_virtual_network.virtual_network_hub"]}},"schema_version":0},{"address":"azurerm_subnet.storage_subnet","mode":"managed","type":"azurerm_subnet","name":"storage_subnet","provider_config_key":"azurerm","expressions":{"address_prefixes":{"constant_value":["172.16.16.0/24"]},"name":{"constant_value":"subnet-terraform-delta-visualize-storage"},"resource_group_name":{"references":["azurerm_resource_group.resource_group.name","azurerm_resource_group.resource_group"]},"virtual_network_name":{"references":["azurerm_virtual_network.virtual_network_tdv.name","azurerm_virtual_network.virtual_network_tdv"]}},"schema_version":0},{"address":"azurerm_virtual_network.virtual_network_hub","mode":"managed","type":"azurerm_virtual_network","name":"virtual_network_hub","provider_config_key":"azurerm","expressions":{"address_space":{"constant_value":["172.16.0.0/20"]},"location":{"references":["azurerm_resource_group.resource_group.location","azurerm_resource_group.resource_group"]},"name":{"constant_value":"vnet-terraform-delta-visualize-hub"},"resource_group_name":{"references":["azurerm_resource_group.resource_group.name","azurerm_resource_group.resource_group"]}},"schema_version":0},{"address":"azurerm_virtual_network.virtual_network_tdv","mode":"managed","type":"azurerm_virtual_network","name":"virtual_network_tdv","provider_config_key":"azurerm","expressions":{"address_space":{"constant_value":["172.16.16.0/20"]},"location":{"references":["azurerm_resource_group.resource_group.location","azurerm_resource_group.resource_group"]},"name":{"constant_value":"vnet-terraform-delta-visualize"},"resource_group_name":{"references":["azurerm_resource_group.resource_group.name","azurerm_resource_group.resource_group"]}},"schema_version":0}]}},"relevant_attributes":[{"resource":"azurerm_resource_group.resource_group","attribute":["location"]},{"resource":"azurerm_resource_group.resource_group","attribute":["name"]},{"resource":"azurerm_virtual_network.virtual_network_hub","attribute":["name"]},{"resource":"azurerm_virtual_network.virtual_network_tdv","attribute":["name"]}],"timestamp":"2023-12-18T08:02:34Z"}
