{"format_version":"1.2","terraform_version":"1.5.0","planned_values":{"root_module":{"resources":[{"address":"azurerm_resource_group.resource_group","mode":"managed","type":"azurerm_resource_group","name":"resource_group","provider_name":"registry.terraform.io/hashicorp/azurerm","schema_version":0,"values":{"location":"westeurope","managed_by":null,"name":"rg-terraform-delta-visualize","tags":null,"timeouts":null},"sensitive_values":{}},{"address":"azurerm_subnet.app_gateway_subnet","mode":"managed","type":"azurerm_subnet","name":"app_gateway_subnet","provider_name":"registry.terraform.io/hashicorp/azurerm","schema_version":0,"values":{"address_prefixes":["172.16.255.0/24"],"delegation":[],"name":"subnet-terraform-delta-visualize-app-gateway","resource_group_name":"rg-terraform-delta-visualize","service_endpoint_policy_ids":null,"service_endpoints":null,"timeouts":null,"virtual_network_name":"vnet-terraform-delta-visualize"},"sensitive_values":{"address_prefixes":[false],"delegation":[]}},{"address":"azurerm_subnet.app_service_subnet","mode":"managed","type":"azurerm_subnet","name":"app_service_subnet","provider_name":"registry.terraform.io/hashicorp/azurerm","schema_version":0,"values":{"address_prefixes":["172.16.1.0/24"],"delegation":[],"name":"subnet-terraform-delta-visualize-app-service","resource_group_name":"rg-terraform-delta-visualize","service_endpoint_policy_ids":null,"service_endpoints":null,"timeouts":null,"virtual_network_name":"vnet-terraform-delta-visualize"},"sensitive_values":{"address_prefixes":[false],"delegation":[]}},{"address":"azurerm_subnet.storage_subnet","mode":"managed","type":"azurerm_subnet","name":"storage_subnet","provider_name":"registry.terraform.io/hashicorp/azurerm","schema_version":0,"values":{"address_prefixes":["172.16.0.0/24"],"delegation":[],"name":"subnet-terraform-delta-visualize-storage","resource_group_name":"rg-terraform-delta-visualize","service_endpoint_policy_ids":null,"service_endpoints":null,"timeouts":null,"virtual_network_name":"vnet-terraform-delta-visualize"},"sensitive_values":{"address_prefixes":[false],"delegation":[]}},{"address":"azurerm_virtual_network.virtual_network","mode":"managed","type":"azurerm_virtual_network","name":"virtual_network","provider_name":"registry.terraform.io/hashicorp/azurerm","schema_version":0,"values":{"address_space":["172.16.0.0/12"],"bgp_community":null,"ddos_protection_plan":[],"edge_zone":null,"encryption":[],"flow_timeout_in_minutes":null,"location":"westeurope","name":"vnet-terraform-delta-visualize","resource_group_name":"rg-terraform-delta-visualize","tags":null,"timeouts":null},"sensitive_values":{"address_space":[false],"ddos_protection_plan":[],"dns_servers":[],"encryption":[],"subnet":[]}}]}},"resource_changes":[{"address":"azurerm_resource_group.resource_group","mode":"managed","type":"azurerm_resource_group","name":"resource_group","provider_name":"registry.terraform.io/hashicorp/azurerm","change":{"actions":["create"],"before":null,"after":{"location":"westeurope","managed_by":null,"name":"rg-terraform-delta-visualize","tags":null,"timeouts":null},"after_unknown":{"id":true},"before_sensitive":false,"after_sensitive":{}}},{"address":"azurerm_subnet.app_gateway_subnet","mode":"managed","type":"azurerm_subnet","name":"app_gateway_subnet","provider_name":"registry.terraform.io/hashicorp/azurerm","change":{"actions":["create"],"before":null,"after":{"address_prefixes":["172.16.255.0/24"],"delegation":[],"name":"subnet-terraform-delta-visualize-app-gateway","resource_group_name":"rg-terraform-delta-visualize","service_endpoint_policy_ids":null,"service_endpoints":null,"timeouts":null,"virtual_network_name":"vnet-terraform-delta-visualize"},"after_unknown":{"address_prefixes":[false],"delegation":[],"enforce_private_link_endpoint_network_policies":true,"enforce_private_link_service_network_policies":true,"id":true,"private_endpoint_network_policies_enabled":true,"private_link_service_network_policies_enabled":true},"before_sensitive":false,"after_sensitive":{"address_prefixes":[false],"delegation":[]}}},{"address":"azurerm_subnet.app_service_subnet","mode":"managed","type":"azurerm_subnet","name":"app_service_subnet","provider_name":"registry.terraform.io/hashicorp/azurerm","change":{"actions":["create"],"before":null,"after":{"address_prefixes":["172.16.1.0/24"],"delegation":[],"name":"subnet-terraform-delta-visualize-app-service","resource_group_name":"rg-terraform-delta-visualize","service_endpoint_policy_ids":null,"service_endpoints":null,"timeouts":null,"virtual_network_name":"vnet-terraform-delta-visualize"},"after_unknown":{"address_prefixes":[false],"delegation":[],"enforce_private_link_endpoint_network_policies":true,"enforce_private_link_service_network_policies":true,"id":true,"private_endpoint_network_policies_enabled":true,"private_link_service_network_policies_enabled":true},"before_sensitive":false,"after_sensitive":{"address_prefixes":[false],"delegation":[]}}},{"address":"azurerm_subnet.storage_subnet","mode":"managed","type":"azurerm_subnet","name":"storage_subnet","provider_name":"registry.terraform.io/hashicorp/azurerm","change":{"actions":["create"],"before":null,"after":{"address_prefixes":["172.16.0.0/24"],"delegation":[],"name":"subnet-terraform-delta-visualize-storage","resource_group_name":"rg-terraform-delta-visualize","service_endpoint_policy_ids":null,"service_endpoints":null,"timeouts":null,"virtual_network_name":"vnet-terraform-delta-visualize"},"after_unknown":{"address_prefixes":[false],"delegation":[],"enforce_private_link_endpoint_network_policies":true,"enforce_private_link_service_network_policies":true,"id":true,"private_endpoint_network_policies_enabled":true,"private_link_service_network_policies_enabled":true},"before_sensitive":false,"after_sensitive":{"address_prefixes":[false],"delegation":[]}}},{"address":"azurerm_virtual_network.virtual_network","mode":"managed","type":"azurerm_virtual_network","name":"virtual_network","provider_name":"registry.terraform.io/hashicorp/azurerm","change":{"actions":["create"],"before":null,"after":{"address_space":["172.16.0.0/12"],"bgp_community":null,"ddos_protection_plan":[],"edge_zone":null,"encryption":[],"flow_timeout_in_minutes":null,"location":"westeurope","name":"vnet-terraform-delta-visualize","resource_group_name":"rg-terraform-delta-visualize","tags":null,"timeouts":null},"after_unknown":{"address_space":[false],"ddos_protection_plan":[],"dns_servers":true,"encryption":[],"guid":true,"id":true,"subnet":true},"before_sensitive":false,"after_sensitive":{"address_space":[false],"ddos_protection_plan":[],"dns_servers":[],"encryption":[],"subnet":[]}}}],"configuration":{"provider_config":{"azurerm":{"name":"azurerm","full_name":"registry.terraform.io/hashicorp/azurerm","version_constraint":"\u003e= 3.84.0","expressions":{"features":[{}]}}},"root_module":{"resources":[{"address":"azurerm_resource_group.resource_group","mode":"managed","type":"azurerm_resource_group","name":"resource_group","provider_config_key":"azurerm","expressions":{"location":{"constant_value":"westeurope"},"name":{"constant_value":"rg-terraform-delta-visualize"}},"schema_version":0},{"address":"azurerm_subnet.app_gateway_subnet","mode":"managed","type":"azurerm_subnet","name":"app_gateway_subnet","provider_config_key":"azurerm","expressions":{"address_prefixes":{"constant_value":["172.16.255.0/24"]},"name":{"constant_value":"subnet-terraform-delta-visualize-app-gateway"},"resource_group_name":{"references":["azurerm_resource_group.resource_group.name","azurerm_resource_group.resource_group"]},"virtual_network_name":{"references":["azurerm_virtual_network.virtual_network.name","azurerm_virtual_network.virtual_network"]}},"schema_version":0},{"address":"azurerm_subnet.app_service_subnet","mode":"managed","type":"azurerm_subnet","name":"app_service_subnet","provider_config_key":"azurerm","expressions":{"address_prefixes":{"constant_value":["172.16.1.0/24"]},"name":{"constant_value":"subnet-terraform-delta-visualize-app-service"},"resource_group_name":{"references":["azurerm_resource_group.resource_group.name","azurerm_resource_group.resource_group"]},"virtual_network_name":{"references":["azurerm_virtual_network.virtual_network.name","azurerm_virtual_network.virtual_network"]}},"schema_version":0},{"address":"azurerm_subnet.storage_subnet","mode":"managed","type":"azurerm_subnet","name":"storage_subnet","provider_config_key":"azurerm","expressions":{"address_prefixes":{"constant_value":["172.16.0.0/24"]},"name":{"constant_value":"subnet-terraform-delta-visualize-storage"},"resource_group_name":{"references":["azurerm_resource_group.resource_group.name","azurerm_resource_group.resource_group"]},"virtual_network_name":{"references":["azurerm_virtual_network.virtual_network.name","azurerm_virtual_network.virtual_network"]}},"schema_version":0},{"address":"azurerm_virtual_network.virtual_network","mode":"managed","type":"azurerm_virtual_network","name":"virtual_network","provider_config_key":"azurerm","expressions":{"address_space":{"constant_value":["172.16.0.0/12"]},"location":{"references":["azurerm_resource_group.resource_group.location","azurerm_resource_group.resource_group"]},"name":{"constant_value":"vnet-terraform-delta-visualize"},"resource_group_name":{"references":["azurerm_resource_group.resource_group.name","azurerm_resource_group.resource_group"]}},"schema_version":0}]}},"relevant_attributes":[{"resource":"azurerm_resource_group.resource_group","attribute":["location"]},{"resource":"azurerm_resource_group.resource_group","attribute":["name"]},{"resource":"azurerm_virtual_network.virtual_network","attribute":["name"]}],"timestamp":"2023-12-12T09:31:59Z"}
